<?xml version="1.0" encoding="utf-8"?>
<Project ToolsVersion="4.0" xmlns="http://schemas.microsoft.com/developer/msbuild/2003">
  <ItemGroup>
    <ClCompile Include="src\Configuration.cpp" />
    <ClCompile Include="src\data_sets\DataSet.cpp">
      <Filter>data_sets</Filter>
    </ClCompile>
    <ClCompile Include="src\NeuralNetwork.cpp" />
    <ClCompile Include="src\data_sets\DataSetFraction.cpp">
      <Filter>data_sets</Filter>
    </ClCompile>
    <ClCompile Include="src\helpers\JsonClasses.cpp">
      <Filter>helpers</Filter>
    </ClCompile>
    <ClCompile Include="src\helpers\dotPlot.cpp">
      <Filter>helpers</Filter>
    </ClCompile>
  </ItemGroup>
  <ItemGroup>
    <ClInclude Include="src\Configuration.hpp" />
    <ClInclude Include="src\layers\FeedForwardLayer.hpp">
      <Filter>layers</Filter>
    </ClInclude>
    <ClInclude Include="src\layers\InputLayer.hpp">
      <Filter>layers</Filter>
    </ClInclude>
    <ClInclude Include="src\layers\Layer.hpp">
      <Filter>layers</Filter>
    </ClInclude>
    <ClInclude Include="src\NeuralNetwork.hpp" />
    <ClInclude Include="src\data_sets\DataSet.hpp">
      <Filter>data_sets</Filter>
    </ClInclude>
    <ClInclude Include="src\Types.hpp" />
    <ClInclude Include="src\rapidjson\document.h">
      <Filter>rapidjson</Filter>
    </ClInclude>
    <ClInclude Include="src\rapidjson\filestream.h">
      <Filter>rapidjson</Filter>
    </ClInclude>
    <ClInclude Include="src\rapidjson\prettywriter.h">
      <Filter>rapidjson</Filter>
    </ClInclude>
    <ClInclude Include="src\rapidjson\rapidjson.h">
      <Filter>rapidjson</Filter>
    </ClInclude>
    <ClInclude Include="src\rapidjson\reader.h">
      <Filter>rapidjson</Filter>
    </ClInclude>
    <ClInclude Include="src\rapidjson\stringbuffer.h">
      <Filter>rapidjson</Filter>
    </ClInclude>
    <ClInclude Include="src\rapidjson\writer.h">
      <Filter>rapidjson</Filter>
    </ClInclude>
    <ClInclude Include="src\rapidjson\internal\pow10.h">
      <Filter>rapidjson\internal</Filter>
    </ClInclude>
    <ClInclude Include="src\rapidjson\internal\stack.h">
      <Filter>rapidjson\internal</Filter>
    </ClInclude>
    <ClInclude Include="src\rapidjson\internal\strfunc.h">
      <Filter>rapidjson\internal</Filter>
    </ClInclude>
    <ClInclude Include="src\optimizers\Optimizer.hpp">
      <Filter>optimizers</Filter>
    </ClInclude>
    <ClInclude Include="src\layers\LstmLayer.hpp">
      <Filter>layers</Filter>
    </ClInclude>
    <ClInclude Include="src\layers\TrainableLayer.hpp">
      <Filter>layers</Filter>
    </ClInclude>
    <ClInclude Include="src\helpers\printVector.hpp">
      <Filter>helpers</Filter>
    </ClInclude>
    <ClInclude Include="src\LayerFactory.hpp" />
    <ClInclude Include="src\layers\PostOutputLayer.hpp">
      <Filter>layers</Filter>
    </ClInclude>
    <ClInclude Include="src\activation_functions\Tanh.cuh">
      <Filter>activation_functions</Filter>
    </ClInclude>
    <ClInclude Include="src\activation_functions\Maxmin2.cuh">
      <Filter>activation_functions</Filter>
    </ClInclude>
    <ClInclude Include="src\activation_functions\Maxmin1.cuh">
      <Filter>activation_functions</Filter>
    </ClInclude>
    <ClInclude Include="src\activation_functions\Max2min0.cuh">
      <Filter>activation_functions</Filter>
    </ClInclude>
    <ClInclude Include="src\activation_functions\Logistic.cuh">
      <Filter>activation_functions</Filter>
    </ClInclude>
    <ClInclude Include="src\activation_functions\Identity.cuh">
      <Filter>activation_functions</Filter>
    </ClInclude>
    <ClInclude Include="src\helpers\min.cuh">
      <Filter>helpers</Filter>
    </ClInclude>
    <ClInclude Include="src\helpers\max.cuh">
      <Filter>helpers</Filter>
    </ClInclude>
    <ClInclude Include="src\helpers\limitedError.cuh">
      <Filter>helpers</Filter>
    </ClInclude>
    <ClInclude Include="src\helpers\getRawPointer.cuh">
      <Filter>helpers</Filter>
    </ClInclude>
    <ClInclude Include="src\helpers\NumericLimits.cuh">
      <Filter>helpers</Filter>
    </ClInclude>
    <ClInclude Include="src\helpers\boundRange.cuh">
      <Filter>helpers</Filter>
    </ClInclude>
    <ClInclude Include="src\helpers\JsonClasses.hpp">
      <Filter>helpers</Filter>
    </ClInclude>
    <ClInclude Include="src\helpers\JsonClassesForward.hpp">
      <Filter>helpers</Filter>
    </ClInclude>
    <ClInclude Include="src\data_sets\DataSetFraction.hpp">
      <Filter>data_sets</Filter>
    </ClInclude>
    <ClInclude Include="src\layers\BinaryClassificationLayer.hpp">
      <Filter>layers</Filter>
    </ClInclude>
    <ClInclude Include="src\layers\MulticlassClassificationLayer.hpp">
      <Filter>layers</Filter>
    </ClInclude>
    <ClInclude Include="src\layers\SoftmaxLayer.hpp">
      <Filter>layers</Filter>
    </ClInclude>
    <ClInclude Include="src\helpers\cublas.hpp">
      <Filter>helpers</Filter>
    </ClInclude>
    <ClInclude Include="src\layers\SsePostOutputLayer.hpp">
      <Filter>layers</Filter>
    </ClInclude>
    <ClInclude Include="src\layers\RmsePostOutputLayer.hpp">
      <Filter>layers</Filter>
    </ClInclude>
    <ClInclude Include="src\optimizers\SteepestDescentOptimizer.hpp">
      <Filter>optimizers</Filter>
    </ClInclude>
    <ClInclude Include="src\netcdf\netcdf.h">
      <Filter>netcdf</Filter>
    </ClInclude>
    <ClInclude Include="src\layers\WeightedSsePostOutputLayer.hpp">
      <Filter>layers</Filter>
    </ClInclude>
    <ClInclude Include="src\layers\SseMaskPostOutputLayer.hpp">
      <Filter>layers</Filter>
    </ClInclude>
    <ClInclude Include="src\layers\CePostOutputLayer.hpp">
      <Filter>layers</Filter>
    </ClInclude>
    <ClInclude Include="src\helpers\misFuncs.hpp">
      <Filter>helpers</Filter>
    </ClInclude>
    <ClInclude Include="src\helpers\dotPlot.hpp">
      <Filter>helpers</Filter>
    </ClInclude>
    <ClInclude Include="src\layers\NormFlowLayer.hpp">
      <Filter>layers</Filter>
    </ClInclude>
    <ClInclude Include="src\layers\MDNLayer.hpp">
      <Filter>layers</Filter>
    </ClInclude>
    <ClInclude Include="src\layers\ParaLayer.hpp">
      <Filter>layers</Filter>
    </ClInclude>
    <ClInclude Include="src\layers\RnnLayer.hpp">
      <Filter>layers</Filter>
    </ClInclude>
    <ClInclude Include="src\layers\FeedBackLayer.hpp">
      <Filter>layers</Filter>
    </ClInclude>
    <ClInclude Include="src\layers\BatchNorm.hpp">
      <Filter>layers</Filter>
    </ClInclude>
    <ClInclude Include="src\layers\Maxpooling.hpp">
      <Filter>layers</Filter>
    </ClInclude>
    <ClInclude Include="src\layers\CNNLayer.hpp">
      <Filter>layers</Filter>
    </ClInclude>
    <ClInclude Include="src\layers\MiddleOutputLayer.hpp">
      <Filter>layers</Filter>
    </ClInclude>
    <ClInclude Include="src\layers\OperationLayer.hpp">
      <Filter>layers</Filter>
    </ClInclude>
    <ClInclude Include="src\layers\FeatMatch.hpp">
      <Filter>layers</Filter>
    </ClInclude>
    <ClInclude Include="src\layers\vaeMiddleLayer.hpp">
      <Filter>layers</Filter>
    </ClInclude>
    <ClInclude Include="src\layers\wavNetCore.hpp">
      <Filter>layers</Filter>
    </ClInclude>
    <ClInclude Include="src\layers\ExternalLoader.hpp">
      <Filter>layers</Filter>
    </ClInclude>
    <ClInclude Include="src\layers\vqLayer.hpp">
      <Filter>layers</Filter>
    </ClInclude>
    <ClInclude Include="src\layers\embedding.hpp">
      <Filter>layers</Filter>
    </ClInclude>
    <ClInclude Include="src\layers\SignalGenLayer.hpp">
      <Filter>layers</Filter>
    </ClInclude>
    <ClInclude Include="src\layers\FilteringLayer.hpp">
      <Filter>layers</Filter>
    </ClInclude>
    <ClInclude Include="src\layers\FeatExtract.hpp">
      <Filter>layers</Filter>
    </ClInclude>
    <ClInclude Include="src\layers\GatedActLayer.hpp">
      <Filter>layers</Filter>
    </ClInclude>
    <ClInclude Include="src\layers\FeedBackHiddenLayer.hpp">
      <Filter>layers</Filter>
    </ClInclude>
    <ClInclude Include="src\layers\SincFilterLayer.hpp">
      <Filter>layers</Filter>
    </ClInclude>
    <ClInclude Include="src\layers\SelfAttention.hpp">
      <Filter>layers</Filter>
    </ClInclude>
    <ClInclude Include="src\layers\InterWeaveLayer.hpp">
      <Filter>layers</Filter>
    </ClInclude>
    <ClInclude Include="src\layers\LayerNorm.hpp">
      <Filter>layers</Filter>
    </ClInclude>
    <ClInclude Include="src\layers\BatchNormNew.hpp">
      <Filter>layers</Filter>
    </ClInclude>
    <ClInclude Include="src\layers\KLPostOutputLayer.hpp">
      <Filter>layers</Filter>
    </ClInclude>
    <ClInclude Include="src\layers\DFTErrorPostoutputLayer.hpp">
      <Filter>layers</Filter>
    </ClInclude>
    <ClInclude Include="src\layers\SsePostOutputLayerForFeatTransform.hpp">
      <Filter>layers</Filter>
    </ClInclude>
    <ClInclude Include="src\layers\InterMetricSoftmax.hpp">
      <Filter>layers</Filter>
    </ClInclude>
    <ClInclude Include="src\layers\InterMetricSSE.hpp">
      <Filter>layers</Filter>
    </ClInclude>
    <ClInclude Include="src\layers\InterMetric.hpp">
      <Filter>layers</Filter>
    </ClInclude>
    <ClInclude Include="src\layers\MutualInforPostOutputLayer.hpp">
      <Filter>layers</Filter>
    </ClInclude>
    <ClInclude Include="src\layers\SkipAddLayer.hpp">
      <Filter>layers</Filter>
    </ClInclude>
    <ClInclude Include="src\layers\SkipCatLayer.hpp">
      <Filter>layers</Filter>
    </ClInclude>
    <ClInclude Include="src\layers\DistillingLayer.hpp">
      <Filter>layers</Filter>
    </ClInclude>
    <ClInclude Include="src\layers\RandomShuffleLayer.hpp">
      <Filter>layers</Filter>
    </ClInclude>
    <ClInclude Include="src\layers\SkipParaLayer.hpp">
      <Filter>layers</Filter>
    </ClInclude>
    <ClInclude Include="src\layers\SsePostOutputLayerMultiSource.hpp">
      <Filter>layers</Filter>
    </ClInclude>
    <ClInclude Include="src\layers\SkipLayer.hpp">
      <Filter>layers</Filter>
    </ClInclude>
    <ClInclude Include="src\layers\MDNUnit.hpp">
      <Filter>layers</Filter>
    </ClInclude>
    <ClInclude Include="src\layers\SseCosPostOutputLayer.hpp">
      <Filter>layers</Filter>
    </ClInclude>
    <ClInclude Include="src\layers\SkipWeightAddLayer.hpp">
      <Filter>layers</Filter>
    </ClInclude>
    <ClInclude Include="src\layers\StrucTransformLayer.hpp">
      <Filter>layers</Filter>
    </ClInclude>
    <ClInclude Include="src\layers\SkipForFeatTransform.hpp">
      <Filter>layers</Filter>
    </ClInclude>
    <ClInclude Include="src\helpers\FFTMat.hpp">
      <Filter>helpers</Filter>
    </ClInclude>
    <ClInclude Include="src\layers\SkipMergeDim.hpp">
      <Filter>layers</Filter>
    </ClInclude>
    <ClInclude Include="src\helpers\dataProcess.hpp">
      <Filter>helpers</Filter>
    </ClInclude>
  </ItemGroup>
  <ItemGroup>
    <CudaCompile Include="src\layers\FeedForwardLayer.cu">
      <Filter>layers</Filter>
    </CudaCompile>
    <CudaCompile Include="src\optimizers\Optimizer.cu">
      <Filter>optimizers</Filter>
    </CudaCompile>
    <CudaCompile Include="src\layers\LstmLayer.cu">
      <Filter>layers</Filter>
    </CudaCompile>
    <CudaCompile Include="src\layers\BinaryClassificationLayer.cu">
      <Filter>layers</Filter>
    </CudaCompile>
    <CudaCompile Include="src\LayerFactory.cu" />
    <CudaCompile Include="src\layers\MulticlassClassificationLayer.cu">
      <Filter>layers</Filter>
    </CudaCompile>
    <CudaCompile Include="src\layers\SoftmaxLayer.cu">
      <Filter>layers</Filter>
    </CudaCompile>
    <CudaCompile Include="src\helpers\cublas.cu">
      <Filter>helpers</Filter>
    </CudaCompile>
    <CudaCompile Include="src\helpers\Matrix.cu">
      <Filter>helpers</Filter>
    </CudaCompile>
    <CudaCompile Include="src\layers\SsePostOutputLayer.cu">
      <Filter>layers</Filter>
    </CudaCompile>
    <CudaCompile Include="src\layers\RmsePostOutputLayer.cu">
      <Filter>layers</Filter>
    </CudaCompile>
    <CudaCompile Include="src\optimizers\SteepestDescentOptimizer.cu">
      <Filter>optimizers</Filter>
    </CudaCompile>
    <CudaCompile Include="src\layers\WeightedSsePostOutputLayer.cu">
      <Filter>layers</Filter>
    </CudaCompile>
    <CudaCompile Include="src\layers\SseMaskPostOutputLayer.cu">
      <Filter>layers</Filter>
    </CudaCompile>
    <CudaCompile Include="src\layers\CePostOutputLayer.cu">
      <Filter>layers</Filter>
    </CudaCompile>
    <CudaCompile Include="src\layers\TrainableLayer.cu">
      <Filter>layers</Filter>
    </CudaCompile>
    <CudaCompile Include="src\layers\PostOutputLayer.cu">
      <Filter>layers</Filter>
    </CudaCompile>
    <CudaCompile Include="src\layers\InputLayer.cu">
      <Filter>layers</Filter>
    </CudaCompile>
    <CudaCompile Include="src\layers\Layer.cu">
      <Filter>layers</Filter>
    </CudaCompile>
    <CudaCompile Include="src\helpers\misFuncs.cu">
      <Filter>helpers</Filter>
    </CudaCompile>
    <CudaCompile Include="src\layers\NormFlowLayer.cu">
      <Filter>layers</Filter>
    </CudaCompile>
    <CudaCompile Include="src\layers\MDNLayer.cu">
      <Filter>layers</Filter>
    </CudaCompile>
    <CudaCompile Include="src\layers\ParaLayer.cu">
      <Filter>layers</Filter>
    </CudaCompile>
    <CudaCompile Include="src\layers\RnnLayer.cu">
      <Filter>layers</Filter>
    </CudaCompile>
    <CudaCompile Include="src\layers\FeedBackLayer.cu">
      <Filter>layers</Filter>
    </CudaCompile>
    <CudaCompile Include="src\layers\BatchNorm.cu">
      <Filter>layers</Filter>
    </CudaCompile>
    <CudaCompile Include="src\layers\Maxpooling.cu">
      <Filter>layers</Filter>
    </CudaCompile>
    <CudaCompile Include="src\layers\CNNLayer.cu">
      <Filter>layers</Filter>
    </CudaCompile>
    <CudaCompile Include="src\layers\MiddleOutputLayer.cu">
      <Filter>layers</Filter>
    </CudaCompile>
    <CudaCompile Include="src\layers\OperationLayer.cu">
      <Filter>layers</Filter>
    </CudaCompile>
    <CudaCompile Include="src\layers\FeatMatch.cu">
      <Filter>layers</Filter>
    </CudaCompile>
    <CudaCompile Include="src\layers\vaeMiddleLayer.cu">
      <Filter>layers</Filter>
    </CudaCompile>
    <CudaCompile Include="src\layers\wavNetCore.cu">
      <Filter>layers</Filter>
    </CudaCompile>
    <CudaCompile Include="src\layers\ExternalLoader.cu">
      <Filter>layers</Filter>
    </CudaCompile>
    <CudaCompile Include="src\layers\vqLayer.cu">
      <Filter>layers</Filter>
    </CudaCompile>
    <CudaCompile Include="src\layers\embedding.cu">
      <Filter>layers</Filter>
    </CudaCompile>
    <CudaCompile Include="src\layers\SignalGenLayer.cu">
      <Filter>layers</Filter>
    </CudaCompile>
    <CudaCompile Include="src\layers\FilteringLayer.cu">
      <Filter>layers</Filter>
    </CudaCompile>
    <CudaCompile Include="src\layers\FeatExtract.cu">
      <Filter>layers</Filter>
    </CudaCompile>
    <CudaCompile Include="src\layers\GatedActLayer.cu">
      <Filter>layers</Filter>
    </CudaCompile>
    <CudaCompile Include="src\layers\FeedBackHiddenLayer.cu">
      <Filter>layers</Filter>
    </CudaCompile>
    <CudaCompile Include="src\layers\SincFilterLayer.cu">
      <Filter>layers</Filter>
    </CudaCompile>
    <CudaCompile Include="src\layers\SelfAttention.cu">
      <Filter>layers</Filter>
    </CudaCompile>
    <CudaCompile Include="src\layers\InterWeaveLayer.cu">
      <Filter>layers</Filter>
    </CudaCompile>
    <CudaCompile Include="src\layers\LayerNorm.cu">
      <Filter>layers</Filter>
    </CudaCompile>
    <CudaCompile Include="src\layers\BatchNormNew.cu">
      <Filter>layers</Filter>
    </CudaCompile>
    <CudaCompile Include="src\layers\KLPostOutputLayer.cu">
      <Filter>layers</Filter>
    </CudaCompile>
    <CudaCompile Include="src\layers\DFTErrorPostoutputLayer.cu">
      <Filter>layers</Filter>
    </CudaCompile>
    <CudaCompile Include="src\layers\SsePostOutputLayerForFeatTransform.cu">
      <Filter>layers</Filter>
    </CudaCompile>
    <CudaCompile Include="src\layers\InterMetricSoftmax.cu">
      <Filter>layers</Filter>
    </CudaCompile>
    <CudaCompile Include="src\layers\InterMetricSSE.cu">
      <Filter>layers</Filter>
    </CudaCompile>
    <CudaCompile Include="src\layers\InterMetric.cu">
      <Filter>layers</Filter>
    </CudaCompile>
    <CudaCompile Include="src\layers\MutualInforPostOutputLayer.cu">
      <Filter>layers</Filter>
    </CudaCompile>
    <CudaCompile Include="src\layers\SkipAddLayer.cu">
      <Filter>layers</Filter>
    </CudaCompile>
    <CudaCompile Include="src\layers\SkipCatLayer.cu">
      <Filter>layers</Filter>
    </CudaCompile>
    <CudaCompile Include="src\layers\DistillingLayer.cu">
      <Filter>layers</Filter>
    </CudaCompile>
    <CudaCompile Include="src\layers\RandomShuffleLayer.cu">
      <Filter>layers</Filter>
    </CudaCompile>
    <CudaCompile Include="src\layers\SkipParaLayer.cu">
      <Filter>layers</Filter>
    </CudaCompile>
    <CudaCompile Include="src\layers\SsePostOutputLayerMultiSource.cu">
      <Filter>layers</Filter>
    </CudaCompile>
    <CudaCompile Include="src\layers\SkipLayer.cu">
      <Filter>layers</Filter>
    </CudaCompile>
    <CudaCompile Include="src\layers\MDNUnit.cu">
      <Filter>layers</Filter>
    </CudaCompile>
    <CudaCompile Include="src\layers\SseCosPostOutputLayer.cu">
      <Filter>layers</Filter>
    </CudaCompile>
    <CudaCompile Include="src\layers\SkipWeightAddLayer.cu">
      <Filter>layers</Filter>
    </CudaCompile>
    <CudaCompile Include="src\layers\StrucTransformLayer.cu">
      <Filter>layers</Filter>
    </CudaCompile>
    <CudaCompile Include="src\layers\SkipForFeatTransform.cu">
      <Filter>layers</Filter>
    </CudaCompile>
    <CudaCompile Include="src\helpers\FFTMat.cu">
      <Filter>helpers</Filter>
    </CudaCompile>
    <CudaCompile Include="src\layers\SkipMergeDim.cu">
      <Filter>layers</Filter>
    </CudaCompile>
    <CudaCompile Include="src\helpers\dataProcess.cu">
      <Filter>helpers</Filter>
    </CudaCompile>
  </ItemGroup>
  <ItemGroup>
    <Filter Include="layers">
      <UniqueIdentifier>{aea8d240-9cfe-4b4c-8b22-9e84d03e2c22}</UniqueIdentifier>
    </Filter>
    <Filter Include="data_sets">
      <UniqueIdentifier>{e429d1fd-b4c0-4207-aa64-7eeb4c44cd24}</UniqueIdentifier>
    </Filter>
    <Filter Include="rapidjson">
      <UniqueIdentifier>{70c9022c-3845-4a75-bb2c-edac5674eda8}</UniqueIdentifier>
    </Filter>
    <Filter Include="rapidjson\internal">
      <UniqueIdentifier>{1328df0a-ab72-409f-823f-57812d9360a1}</UniqueIdentifier>
    </Filter>
    <Filter Include="optimizers">
      <UniqueIdentifier>{884da99a-b489-45f8-bbe0-f7e753e5bd57}</UniqueIdentifier>
    </Filter>
    <Filter Include="helpers">
      <UniqueIdentifier>{66eec1d8-000e-4327-804f-b13df56cee39}</UniqueIdentifier>
    </Filter>
    <Filter Include="activation_functions">
      <UniqueIdentifier>{4e5958b6-98bb-4777-954d-68510a8a92fa}</UniqueIdentifier>
    </Filter>
    <Filter Include="netcdf">
      <UniqueIdentifier>{ce4fab27-35c2-427d-8c2b-66ec4dd2bf5d}</UniqueIdentifier>
    </Filter>
  </ItemGroup>
  <ItemGroup>
    <None Include="src\helpers\safeExp.cuh">
      <Filter>helpers</Filter>
    </None>
    <None Include="src\helpers\Matrix.hpp">
      <Filter>helpers</Filter>
    </None>
    <None Include="src\helpers\TypedMath.cuh">
      <Filter>helpers</Filter>
    </None>
  </ItemGroup>
</Project>